<?xml version="1.0" encoding="utf-8"?>
<Project ToolsVersion="4.0" xmlns="http://schemas.microsoft.com/developer/msbuild/2003">
  <ItemGroup>
    <Filter Include="Source Files">
      <UniqueIdentifier>{4FC737F1-C7A5-4376-A066-2A32D752A2FF}</UniqueIdentifier>
      <Extensions>cpp;c;cc;cxx;def;odl;idl;hpj;bat;asm;asmx</Extensions>
    </Filter>
    <Filter Include="Header Files">
      <UniqueIdentifier>{93995380-89BD-4b04-88EB-625FBE52EBFB}</UniqueIdentifier>
      <Extensions>h;hh;hpp;hxx;hm;inl;inc;xsd</Extensions>
    </Filter>
    <Filter Include="Resource Files">
      <UniqueIdentifier>{67DA6AB6-F800-4c08-8B7A-83BB121AAD01}</UniqueIdentifier>
      <Extensions>rc;ico;cur;bmp;dlg;rc2;rct;bin;rgs;gif;jpg;jpeg;jpe;resx;tiff;tif;png;wav;mfcribbon-ms</Extensions>
    </Filter>
    <Filter Include="SudokuProblemSolving">
      <UniqueIdentifier>{8037f32b-e6b8-45a4-96c1-6a6a32946ad4}</UniqueIdentifier>
    </Filter>
  </ItemGroup>
  <ItemGroup>
    <ClInclude Include="Sudoku_Solver.h">
      <Filter>Header Files</Filter>
    </ClInclude>
    <ClInclude Include="Sudoku_SolverDlg.h">
      <Filter>Header Files</Filter>
    </ClInclude>
    <ClInclude Include="stdafx.h">
      <Filter>Header Files</Filter>
    </ClInclude>
    <ClInclude Include="targetver.h">
      <Filter>Header Files</Filter>
    </ClInclude>
    <ClInclude Include="Resource.h">
      <Filter>Header Files</Filter>
    </ClInclude>
    <ClInclude Include="DigitRecognizer.h">
      <Filter>Header Files</Filter>
    </ClInclude>
    <ClInclude Include="SudokuImageReader.h">
      <Filter>Header Files</Filter>
    </ClInclude>
    <ClInclude Include="ImageWindowCreator.h">
      <Filter>Header Files</Filter>
    </ClInclude>
    <ClInclude Include="SudokuSolutionFinder.h">
      <Filter>Header Files</Filter>
    </ClInclude>
    <ClInclude Include="RedundantOnesRecognizer.h">
      <Filter>Header Files</Filter>
    </ClInclude>
    <ClInclude Include="SudokuProblemSolver.h">
      <Filter>SudokuProblemSolving</Filter>
    </ClInclude>
    <ClInclude Include="Field.h">
      <Filter>SudokuProblemSolving</Filter>
    </ClInclude>
    <ClInclude Include="PossibilitiesForAField.h">
      <Filter>SudokuProblemSolving</Filter>
    </ClInclude>
  </ItemGroup>
  <ItemGroup>
    <ClCompile Include="Sudoku_Solver.cpp">
      <Filter>Source Files</Filter>
    </ClCompile>
    <ClCompile Include="Sudoku_SolverDlg.cpp">
      <Filter>Source Files</Filter>
    </ClCompile>
    <ClCompile Include="stdafx.cpp">
      <Filter>Source Files</Filter>
    </ClCompile>
    <ClCompile Include="DigitRecognizer.cpp">
      <Filter>Source Files</Filter>
    </ClCompile>
    <ClCompile Include="SudokuImageReader.cpp">
      <Filter>Source Files</Filter>
    </ClCompile>
    <ClCompile Include="ImageWindowCreator.cpp">
      <Filter>Source Files</Filter>
    </ClCompile>
    <ClCompile Include="SudokuSolutionFinder.cpp">
      <Filter>Source Files</Filter>
    </ClCompile>
    <ClCompile Include="RedundantOnesRecognizer.cpp">
      <Filter>Source Files</Filter>
    </ClCompile>
    <ClCompile Include="SudokuProblemSolver.cpp">
      <Filter>SudokuProblemSolving</Filter>
    </ClCompile>
    <ClCompile Include="Field.cpp">
      <Filter>SudokuProblemSolving</Filter>
    </ClCompile>
    <ClCompile Include="PossibilitiesForAField.cpp">
      <Filter>SudokuProblemSolving</Filter>
    </ClCompile>
  </ItemGroup>
  <ItemGroup>
    <ResourceCompile Include="Sudoku_Solver.rc">
      <Filter>Resource Files</Filter>
    </ResourceCompile>
  </ItemGroup>
  <ItemGroup>
    <None Include="res\Sudoku_Solver.rc2">
      <Filter>Resource Files</Filter>
    </None>
  </ItemGroup>
  <ItemGroup>
    <Image Include="res\Sudoku_Solver.ico">
      <Filter>Resource Files</Filter>
    </Image>
  </ItemGroup>
</Project>